// !$*UTF8*$!
{
	archiveVersion = 1;
	classes = {
	};
	objectVersion = 50;
	objects = {

/* Begin PBXBuildFile section */
		0759D3FC295F1C791CAF832E /* Pods_TheMovieDatabaseTests.framework in Frameworks */ = {isa = PBXBuildFile; fileRef = 351F3C284C8A01C0C525A077 /* Pods_TheMovieDatabaseTests.framework */; };
		62D48334525CFF72202ACCF1 /* Pods_TheMovieDatabase.framework in Frameworks */ = {isa = PBXBuildFile; fileRef = 60F83CF7D0B9E11846C71851 /* Pods_TheMovieDatabase.framework */; };
		9C978871220E4D3D0091306C /* AppDelegate.swift in Sources */ = {isa = PBXBuildFile; fileRef = 9C978870220E4D3D0091306C /* AppDelegate.swift */; };
		9C978873220E4D3D0091306C /* MainViewController.swift in Sources */ = {isa = PBXBuildFile; fileRef = 9C978872220E4D3D0091306C /* MainViewController.swift */; };
		9C978878220E4D3F0091306C /* Assets.xcassets in Resources */ = {isa = PBXBuildFile; fileRef = 9C978877220E4D3F0091306C /* Assets.xcassets */; };
		9C97887B220E4D3F0091306C /* LaunchScreen.storyboard in Resources */ = {isa = PBXBuildFile; fileRef = 9C978879220E4D3F0091306C /* LaunchScreen.storyboard */; };
		9C978886220E4D3F0091306C /* TheMovieDatabaseTests.swift in Sources */ = {isa = PBXBuildFile; fileRef = 9C978885220E4D3F0091306C /* TheMovieDatabaseTests.swift */; };
		9C978891220E4D3F0091306C /* TheMovieDatabaseUITests.swift in Sources */ = {isa = PBXBuildFile; fileRef = 9C978890220E4D3F0091306C /* TheMovieDatabaseUITests.swift */; };
		9C9788A3220E6C390091306C /* DiscoverService.swift in Sources */ = {isa = PBXBuildFile; fileRef = 9C9788A2220E6C390091306C /* DiscoverService.swift */; };
		9CFCA6FE2211001600DC64DD /* ServiceManager.swift in Sources */ = {isa = PBXBuildFile; fileRef = 9CFCA6FD2211001600DC64DD /* ServiceManager.swift */; };
		9CFCA701221100D800DC64DD /* Config.plist in Resources */ = {isa = PBXBuildFile; fileRef = 9CFCA700221100D800DC64DD /* Config.plist */; };
		9CFCA70422111D4A00DC64DD /* MovieResult.swift in Sources */ = {isa = PBXBuildFile; fileRef = 9CFCA70322111D4A00DC64DD /* MovieResult.swift */; };
		9CFCA7072211360800DC64DD /* DateFormatter.swift in Sources */ = {isa = PBXBuildFile; fileRef = 9CFCA7062211360800DC64DD /* DateFormatter.swift */; };
		9CFCA7092211404100DC64DD /* MovieModel.swift in Sources */ = {isa = PBXBuildFile; fileRef = 9CFCA7082211404100DC64DD /* MovieModel.swift */; };
		9CFCA70B221143E400DC64DD /* MovieData.swift in Sources */ = {isa = PBXBuildFile; fileRef = 9CFCA70A221143E400DC64DD /* MovieData.swift */; };
		9CFCA70E2211466F00DC64DD /* ConfigManager.swift in Sources */ = {isa = PBXBuildFile; fileRef = 9CFCA70D2211466F00DC64DD /* ConfigManager.swift */; };
		9CFCA71022114CF700DC64DD /* String.swift in Sources */ = {isa = PBXBuildFile; fileRef = 9CFCA70F22114CF700DC64DD /* String.swift */; };
		9CFCA713221153B100DC64DD /* MovieCollectionViewCell.swift in Sources */ = {isa = PBXBuildFile; fileRef = 9CFCA711221153B100DC64DD /* MovieCollectionViewCell.swift */; };
		9CFCA714221153B100DC64DD /* MovieCollectionViewCell.xib in Resources */ = {isa = PBXBuildFile; fileRef = 9CFCA712221153B100DC64DD /* MovieCollectionViewCell.xib */; };
		9CFCA71622115CDB00DC64DD /* UIColor.swift in Sources */ = {isa = PBXBuildFile; fileRef = 9CFCA71522115CDB00DC64DD /* UIColor.swift */; };
		9CFCA718221164D400DC64DD /* UIImageView.swift in Sources */ = {isa = PBXBuildFile; fileRef = 9CFCA717221164D400DC64DD /* UIImageView.swift */; };
		B7F9CFF7C15E9DCE3C1E87C5 /* Pods_TheMovieDatabaseUITests.framework in Frameworks */ = {isa = PBXBuildFile; fileRef = 8F42AE5FB3E81FE9268FAE76 /* Pods_TheMovieDatabaseUITests.framework */; };
/* End PBXBuildFile section */

/* Begin PBXContainerItemProxy section */
		9C978882220E4D3F0091306C /* PBXContainerItemProxy */ = {
			isa = PBXContainerItemProxy;
			containerPortal = 9C978865220E4D3D0091306C /* Project object */;
			proxyType = 1;
			remoteGlobalIDString = 9C97886C220E4D3D0091306C;
			remoteInfo = TheMovieDatabase;
		};
		9C97888D220E4D3F0091306C /* PBXContainerItemProxy */ = {
			isa = PBXContainerItemProxy;
			containerPortal = 9C978865220E4D3D0091306C /* Project object */;
			proxyType = 1;
			remoteGlobalIDString = 9C97886C220E4D3D0091306C;
			remoteInfo = TheMovieDatabase;
		};
/* End PBXContainerItemProxy section */

/* Begin PBXFileReference section */
		13E186D26F7EE319C55A1C0C /* Pods-TheMovieDatabaseUITests.release.xcconfig */ = {isa = PBXFileReference; includeInIndex = 1; lastKnownFileType = text.xcconfig; name = "Pods-TheMovieDatabaseUITests.release.xcconfig"; path = "Pods/Target Support Files/Pods-TheMovieDatabaseUITests/Pods-TheMovieDatabaseUITests.release.xcconfig"; sourceTree = "<group>"; };
		32634E6957A4348B2CD756E5 /* Pods-TheMovieDatabaseTests.debug.xcconfig */ = {isa = PBXFileReference; includeInIndex = 1; lastKnownFileType = text.xcconfig; name = "Pods-TheMovieDatabaseTests.debug.xcconfig"; path = "Pods/Target Support Files/Pods-TheMovieDatabaseTests/Pods-TheMovieDatabaseTests.debug.xcconfig"; sourceTree = "<group>"; };
		33802525826A6DD0AB026512 /* Pods-TheMovieDatabase.debug.xcconfig */ = {isa = PBXFileReference; includeInIndex = 1; lastKnownFileType = text.xcconfig; name = "Pods-TheMovieDatabase.debug.xcconfig"; path = "Pods/Target Support Files/Pods-TheMovieDatabase/Pods-TheMovieDatabase.debug.xcconfig"; sourceTree = "<group>"; };
		351F3C284C8A01C0C525A077 /* Pods_TheMovieDatabaseTests.framework */ = {isa = PBXFileReference; explicitFileType = wrapper.framework; includeInIndex = 0; path = Pods_TheMovieDatabaseTests.framework; sourceTree = BUILT_PRODUCTS_DIR; };
		60F83CF7D0B9E11846C71851 /* Pods_TheMovieDatabase.framework */ = {isa = PBXFileReference; explicitFileType = wrapper.framework; includeInIndex = 0; path = Pods_TheMovieDatabase.framework; sourceTree = BUILT_PRODUCTS_DIR; };
		688A449738C2332814768C10 /* Pods-TheMovieDatabaseTests.release.xcconfig */ = {isa = PBXFileReference; includeInIndex = 1; lastKnownFileType = text.xcconfig; name = "Pods-TheMovieDatabaseTests.release.xcconfig"; path = "Pods/Target Support Files/Pods-TheMovieDatabaseTests/Pods-TheMovieDatabaseTests.release.xcconfig"; sourceTree = "<group>"; };
		8F42AE5FB3E81FE9268FAE76 /* Pods_TheMovieDatabaseUITests.framework */ = {isa = PBXFileReference; explicitFileType = wrapper.framework; includeInIndex = 0; path = Pods_TheMovieDatabaseUITests.framework; sourceTree = BUILT_PRODUCTS_DIR; };
		9C97886D220E4D3D0091306C /* TheMovieDatabase.app */ = {isa = PBXFileReference; explicitFileType = wrapper.application; includeInIndex = 0; path = TheMovieDatabase.app; sourceTree = BUILT_PRODUCTS_DIR; };
		9C978870220E4D3D0091306C /* AppDelegate.swift */ = {isa = PBXFileReference; lastKnownFileType = sourcecode.swift; path = AppDelegate.swift; sourceTree = "<group>"; };
		9C978872220E4D3D0091306C /* MainViewController.swift */ = {isa = PBXFileReference; lastKnownFileType = sourcecode.swift; path = MainViewController.swift; sourceTree = "<group>"; };
		9C978877220E4D3F0091306C /* Assets.xcassets */ = {isa = PBXFileReference; lastKnownFileType = folder.assetcatalog; path = Assets.xcassets; sourceTree = "<group>"; };
		9C97887A220E4D3F0091306C /* Base */ = {isa = PBXFileReference; lastKnownFileType = file.storyboard; name = Base; path = Base.lproj/LaunchScreen.storyboard; sourceTree = "<group>"; };
		9C97887C220E4D3F0091306C /* Info.plist */ = {isa = PBXFileReference; lastKnownFileType = text.plist.xml; path = Info.plist; sourceTree = "<group>"; };
		9C978881220E4D3F0091306C /* TheMovieDatabaseTests.xctest */ = {isa = PBXFileReference; explicitFileType = wrapper.cfbundle; includeInIndex = 0; path = TheMovieDatabaseTests.xctest; sourceTree = BUILT_PRODUCTS_DIR; };
		9C978885220E4D3F0091306C /* TheMovieDatabaseTests.swift */ = {isa = PBXFileReference; lastKnownFileType = sourcecode.swift; path = TheMovieDatabaseTests.swift; sourceTree = "<group>"; };
		9C978887220E4D3F0091306C /* Info.plist */ = {isa = PBXFileReference; lastKnownFileType = text.plist.xml; path = Info.plist; sourceTree = "<group>"; };
		9C97888C220E4D3F0091306C /* TheMovieDatabaseUITests.xctest */ = {isa = PBXFileReference; explicitFileType = wrapper.cfbundle; includeInIndex = 0; path = TheMovieDatabaseUITests.xctest; sourceTree = BUILT_PRODUCTS_DIR; };
		9C978890220E4D3F0091306C /* TheMovieDatabaseUITests.swift */ = {isa = PBXFileReference; lastKnownFileType = sourcecode.swift; path = TheMovieDatabaseUITests.swift; sourceTree = "<group>"; };
		9C978892220E4D3F0091306C /* Info.plist */ = {isa = PBXFileReference; lastKnownFileType = text.plist.xml; path = Info.plist; sourceTree = "<group>"; };
		9C9788A2220E6C390091306C /* DiscoverService.swift */ = {isa = PBXFileReference; lastKnownFileType = sourcecode.swift; path = DiscoverService.swift; sourceTree = "<group>"; };
		9CFCA6FD2211001600DC64DD /* ServiceManager.swift */ = {isa = PBXFileReference; lastKnownFileType = sourcecode.swift; path = ServiceManager.swift; sourceTree = "<group>"; };
		9CFCA700221100D800DC64DD /* Config.plist */ = {isa = PBXFileReference; lastKnownFileType = text.plist.xml; path = Config.plist; sourceTree = "<group>"; };
		9CFCA70322111D4A00DC64DD /* MovieResult.swift */ = {isa = PBXFileReference; lastKnownFileType = sourcecode.swift; path = MovieResult.swift; sourceTree = "<group>"; };
		9CFCA7062211360800DC64DD /* DateFormatter.swift */ = {isa = PBXFileReference; lastKnownFileType = sourcecode.swift; path = DateFormatter.swift; sourceTree = "<group>"; };
		9CFCA7082211404100DC64DD /* MovieModel.swift */ = {isa = PBXFileReference; lastKnownFileType = sourcecode.swift; path = MovieModel.swift; sourceTree = "<group>"; };
		9CFCA70A221143E400DC64DD /* MovieData.swift */ = {isa = PBXFileReference; lastKnownFileType = sourcecode.swift; path = MovieData.swift; sourceTree = "<group>"; };
		9CFCA70D2211466F00DC64DD /* ConfigManager.swift */ = {isa = PBXFileReference; lastKnownFileType = sourcecode.swift; path = ConfigManager.swift; sourceTree = "<group>"; };
		9CFCA70F22114CF700DC64DD /* String.swift */ = {isa = PBXFileReference; lastKnownFileType = sourcecode.swift; path = String.swift; sourceTree = "<group>"; };
		9CFCA711221153B100DC64DD /* MovieCollectionViewCell.swift */ = {isa = PBXFileReference; lastKnownFileType = sourcecode.swift; path = MovieCollectionViewCell.swift; sourceTree = "<group>"; };
		9CFCA712221153B100DC64DD /* MovieCollectionViewCell.xib */ = {isa = PBXFileReference; lastKnownFileType = file.xib; path = MovieCollectionViewCell.xib; sourceTree = "<group>"; };
		9CFCA71522115CDB00DC64DD /* UIColor.swift */ = {isa = PBXFileReference; lastKnownFileType = sourcecode.swift; path = UIColor.swift; sourceTree = "<group>"; };
		9CFCA717221164D400DC64DD /* UIImageView.swift */ = {isa = PBXFileReference; lastKnownFileType = sourcecode.swift; path = UIImageView.swift; sourceTree = "<group>"; };
		9DC0494C8F443C8C771EFD00 /* Pods-TheMovieDatabase.release.xcconfig */ = {isa = PBXFileReference; includeInIndex = 1; lastKnownFileType = text.xcconfig; name = "Pods-TheMovieDatabase.release.xcconfig"; path = "Pods/Target Support Files/Pods-TheMovieDatabase/Pods-TheMovieDatabase.release.xcconfig"; sourceTree = "<group>"; };
		D1443A8C0B33C006E572E0BC /* Pods-TheMovieDatabaseUITests.debug.xcconfig */ = {isa = PBXFileReference; includeInIndex = 1; lastKnownFileType = text.xcconfig; name = "Pods-TheMovieDatabaseUITests.debug.xcconfig"; path = "Pods/Target Support Files/Pods-TheMovieDatabaseUITests/Pods-TheMovieDatabaseUITests.debug.xcconfig"; sourceTree = "<group>"; };
/* End PBXFileReference section */

/* Begin PBXFrameworksBuildPhase section */
		9C97886A220E4D3D0091306C /* Frameworks */ = {
			isa = PBXFrameworksBuildPhase;
			buildActionMask = 2147483647;
			files = (
				62D48334525CFF72202ACCF1 /* Pods_TheMovieDatabase.framework in Frameworks */,
			);
			runOnlyForDeploymentPostprocessing = 0;
		};
		9C97887E220E4D3F0091306C /* Frameworks */ = {
			isa = PBXFrameworksBuildPhase;
			buildActionMask = 2147483647;
			files = (
				0759D3FC295F1C791CAF832E /* Pods_TheMovieDatabaseTests.framework in Frameworks */,
			);
			runOnlyForDeploymentPostprocessing = 0;
		};
		9C978889220E4D3F0091306C /* Frameworks */ = {
			isa = PBXFrameworksBuildPhase;
			buildActionMask = 2147483647;
			files = (
				B7F9CFF7C15E9DCE3C1E87C5 /* Pods_TheMovieDatabaseUITests.framework in Frameworks */,
			);
			runOnlyForDeploymentPostprocessing = 0;
		};
/* End PBXFrameworksBuildPhase section */

/* Begin PBXGroup section */
		38B755DC7AB56F45018EE8C9 /* Frameworks */ = {
			isa = PBXGroup;
			children = (
				60F83CF7D0B9E11846C71851 /* Pods_TheMovieDatabase.framework */,
				351F3C284C8A01C0C525A077 /* Pods_TheMovieDatabaseTests.framework */,
				8F42AE5FB3E81FE9268FAE76 /* Pods_TheMovieDatabaseUITests.framework */,
			);
			name = Frameworks;
			sourceTree = "<group>";
		};
		98DE91FDC4B9ECF15F4B637B /* Pods */ = {
			isa = PBXGroup;
			children = (
				33802525826A6DD0AB026512 /* Pods-TheMovieDatabase.debug.xcconfig */,
				9DC0494C8F443C8C771EFD00 /* Pods-TheMovieDatabase.release.xcconfig */,
				32634E6957A4348B2CD756E5 /* Pods-TheMovieDatabaseTests.debug.xcconfig */,
				688A449738C2332814768C10 /* Pods-TheMovieDatabaseTests.release.xcconfig */,
				D1443A8C0B33C006E572E0BC /* Pods-TheMovieDatabaseUITests.debug.xcconfig */,
				13E186D26F7EE319C55A1C0C /* Pods-TheMovieDatabaseUITests.release.xcconfig */,
			);
			name = Pods;
			sourceTree = "<group>";
		};
		9C978864220E4D3D0091306C = {
			isa = PBXGroup;
			children = (
				9C97886F220E4D3D0091306C /* TheMovieDatabase */,
				9C978884220E4D3F0091306C /* TheMovieDatabaseTests */,
				9C97888F220E4D3F0091306C /* TheMovieDatabaseUITests */,
				9C97886E220E4D3D0091306C /* Products */,
				98DE91FDC4B9ECF15F4B637B /* Pods */,
				38B755DC7AB56F45018EE8C9 /* Frameworks */,
			);
			sourceTree = "<group>";
		};
		9C97886E220E4D3D0091306C /* Products */ = {
			isa = PBXGroup;
			children = (
				9C97886D220E4D3D0091306C /* TheMovieDatabase.app */,
				9C978881220E4D3F0091306C /* TheMovieDatabaseTests.xctest */,
				9C97888C220E4D3F0091306C /* TheMovieDatabaseUITests.xctest */,
			);
			name = Products;
			sourceTree = "<group>";
		};
		9C97886F220E4D3D0091306C /* TheMovieDatabase */ = {
			isa = PBXGroup;
			children = (
				9CFCA70C2211464F00DC64DD /* Common */,
				9CFCA6FF221100B000DC64DD /* Resources */,
				9C9788A1220E4FA30091306C /* View */,
				9C9788A0220E4F9E0091306C /* Model */,
				9C97889F220E4F970091306C /* Networking */,
				9C97889E220E4F8F0091306C /* Controller */,
				9C978870220E4D3D0091306C /* AppDelegate.swift */,
				9C978879220E4D3F0091306C /* LaunchScreen.storyboard */,
				9C97887C220E4D3F0091306C /* Info.plist */,
			);
			path = TheMovieDatabase;
			sourceTree = "<group>";
		};
		9C978884220E4D3F0091306C /* TheMovieDatabaseTests */ = {
			isa = PBXGroup;
			children = (
				9C978885220E4D3F0091306C /* TheMovieDatabaseTests.swift */,
				9C978887220E4D3F0091306C /* Info.plist */,
			);
			path = TheMovieDatabaseTests;
			sourceTree = "<group>";
		};
		9C97888F220E4D3F0091306C /* TheMovieDatabaseUITests */ = {
			isa = PBXGroup;
			children = (
				9C978890220E4D3F0091306C /* TheMovieDatabaseUITests.swift */,
				9C978892220E4D3F0091306C /* Info.plist */,
			);
			path = TheMovieDatabaseUITests;
			sourceTree = "<group>";
		};
		9C97889E220E4F8F0091306C /* Controller */ = {
			isa = PBXGroup;
			children = (
				9C978872220E4D3D0091306C /* MainViewController.swift */,
			);
			path = Controller;
			sourceTree = "<group>";
		};
		9C97889F220E4F970091306C /* Networking */ = {
			isa = PBXGroup;
			children = (
				9CFCA70222111CFA00DC64DD /* Codeable */,
				9C9788A2220E6C390091306C /* DiscoverService.swift */,
				9CFCA6FD2211001600DC64DD /* ServiceManager.swift */,
			);
			path = Networking;
			sourceTree = "<group>";
		};
		9C9788A0220E4F9E0091306C /* Model */ = {
			isa = PBXGroup;
			children = (
				9CFCA7082211404100DC64DD /* MovieModel.swift */,
				9CFCA70A221143E400DC64DD /* MovieData.swift */,
			);
			path = Model;
			sourceTree = "<group>";
		};
		9C9788A1220E4FA30091306C /* View */ = {
			isa = PBXGroup;
			children = (
				9CFCA711221153B100DC64DD /* MovieCollectionViewCell.swift */,
				9CFCA712221153B100DC64DD /* MovieCollectionViewCell.xib */,
			);
			path = View;
			sourceTree = "<group>";
		};
		9CFCA6FF221100B000DC64DD /* Resources */ = {
			isa = PBXGroup;
			children = (
				9C978877220E4D3F0091306C /* Assets.xcassets */,
				9CFCA700221100D800DC64DD /* Config.plist */,
			);
			path = Resources;
			sourceTree = "<group>";
		};
		9CFCA70222111CFA00DC64DD /* Codeable */ = {
			isa = PBXGroup;
			children = (
				9CFCA70322111D4A00DC64DD /* MovieResult.swift */,
			);
			path = Codeable;
			sourceTree = "<group>";
		};
		9CFCA705221135EA00DC64DD /* Extension */ = {
			isa = PBXGroup;
			children = (
				9CFCA7062211360800DC64DD /* DateFormatter.swift */,
				9CFCA70F22114CF700DC64DD /* String.swift */,
				9CFCA71522115CDB00DC64DD /* UIColor.swift */,
				9CFCA717221164D400DC64DD /* UIImageView.swift */,
			);
			path = Extension;
			sourceTree = "<group>";
		};
		9CFCA70C2211464F00DC64DD /* Common */ = {
			isa = PBXGroup;
			children = (
				9CFCA705221135EA00DC64DD /* Extension */,
				9CFCA70D2211466F00DC64DD /* ConfigManager.swift */,
			);
			path = Common;
			sourceTree = "<group>";
		};
/* End PBXGroup section */

/* Begin PBXNativeTarget section */
		9C97886C220E4D3D0091306C /* TheMovieDatabase */ = {
			isa = PBXNativeTarget;
			buildConfigurationList = 9C978895220E4D3F0091306C /* Build configuration list for PBXNativeTarget "TheMovieDatabase" */;
			buildPhases = (
				800EEDC4E32962F01732F2C3 /* [CP] Check Pods Manifest.lock */,
				9C978869220E4D3D0091306C /* Sources */,
				9C97886A220E4D3D0091306C /* Frameworks */,
				9C97886B220E4D3D0091306C /* Resources */,
				D59515494CF38346D0866370 /* [CP] Embed Pods Frameworks */,
			);
			buildRules = (
			);
			dependencies = (
			);
			name = TheMovieDatabase;
			productName = TheMovieDatabase;
			productReference = 9C97886D220E4D3D0091306C /* TheMovieDatabase.app */;
			productType = "com.apple.product-type.application";
		};
		9C978880220E4D3F0091306C /* TheMovieDatabaseTests */ = {
			isa = PBXNativeTarget;
			buildConfigurationList = 9C978898220E4D3F0091306C /* Build configuration list for PBXNativeTarget "TheMovieDatabaseTests" */;
			buildPhases = (
				4B7A5CB8621EC5247332985E /* [CP] Check Pods Manifest.lock */,
				9C97887D220E4D3F0091306C /* Sources */,
				9C97887E220E4D3F0091306C /* Frameworks */,
				9C97887F220E4D3F0091306C /* Resources */,
			);
			buildRules = (
			);
			dependencies = (
				9C978883220E4D3F0091306C /* PBXTargetDependency */,
			);
			name = TheMovieDatabaseTests;
			productName = TheMovieDatabaseTests;
			productReference = 9C978881220E4D3F0091306C /* TheMovieDatabaseTests.xctest */;
			productType = "com.apple.product-type.bundle.unit-test";
		};
		9C97888B220E4D3F0091306C /* TheMovieDatabaseUITests */ = {
			isa = PBXNativeTarget;
			buildConfigurationList = 9C97889B220E4D3F0091306C /* Build configuration list for PBXNativeTarget "TheMovieDatabaseUITests" */;
			buildPhases = (
				B8E2C07B2670B679ABE9235E /* [CP] Check Pods Manifest.lock */,
				9C978888220E4D3F0091306C /* Sources */,
				9C978889220E4D3F0091306C /* Frameworks */,
				9C97888A220E4D3F0091306C /* Resources */,
			);
			buildRules = (
			);
			dependencies = (
				9C97888E220E4D3F0091306C /* PBXTargetDependency */,
			);
			name = TheMovieDatabaseUITests;
			productName = TheMovieDatabaseUITests;
			productReference = 9C97888C220E4D3F0091306C /* TheMovieDatabaseUITests.xctest */;
			productType = "com.apple.product-type.bundle.ui-testing";
		};
/* End PBXNativeTarget section */

/* Begin PBXProject section */
		9C978865220E4D3D0091306C /* Project object */ = {
			isa = PBXProject;
			attributes = {
				LastSwiftUpdateCheck = 1010;
				LastUpgradeCheck = 1010;
				ORGANIZATIONNAME = "Marcelo Oscar José";
				TargetAttributes = {
					9C97886C220E4D3D0091306C = {
						CreatedOnToolsVersion = 10.1;
					};
					9C978880220E4D3F0091306C = {
						CreatedOnToolsVersion = 10.1;
						TestTargetID = 9C97886C220E4D3D0091306C;
					};
					9C97888B220E4D3F0091306C = {
						CreatedOnToolsVersion = 10.1;
						TestTargetID = 9C97886C220E4D3D0091306C;
					};
				};
			};
			buildConfigurationList = 9C978868220E4D3D0091306C /* Build configuration list for PBXProject "TheMovieDatabase" */;
			compatibilityVersion = "Xcode 9.3";
			developmentRegion = en;
			hasScannedForEncodings = 0;
			knownRegions = (
				en,
				Base,
			);
			mainGroup = 9C978864220E4D3D0091306C;
			productRefGroup = 9C97886E220E4D3D0091306C /* Products */;
			projectDirPath = "";
			projectRoot = "";
			targets = (
				9C97886C220E4D3D0091306C /* TheMovieDatabase */,
				9C978880220E4D3F0091306C /* TheMovieDatabaseTests */,
				9C97888B220E4D3F0091306C /* TheMovieDatabaseUITests */,
			);
		};
/* End PBXProject section */

/* Begin PBXResourcesBuildPhase section */
		9C97886B220E4D3D0091306C /* Resources */ = {
			isa = PBXResourcesBuildPhase;
			buildActionMask = 2147483647;
			files = (
				9CFCA714221153B100DC64DD /* MovieCollectionViewCell.xib in Resources */,
				9CFCA701221100D800DC64DD /* Config.plist in Resources */,
				9C97887B220E4D3F0091306C /* LaunchScreen.storyboard in Resources */,
				9C978878220E4D3F0091306C /* Assets.xcassets in Resources */,
			);
			runOnlyForDeploymentPostprocessing = 0;
		};
		9C97887F220E4D3F0091306C /* Resources */ = {
			isa = PBXResourcesBuildPhase;
			buildActionMask = 2147483647;
			files = (
			);
			runOnlyForDeploymentPostprocessing = 0;
		};
		9C97888A220E4D3F0091306C /* Resources */ = {
			isa = PBXResourcesBuildPhase;
			buildActionMask = 2147483647;
			files = (
			);
			runOnlyForDeploymentPostprocessing = 0;
		};
/* End PBXResourcesBuildPhase section */

/* Begin PBXShellScriptBuildPhase section */
		4B7A5CB8621EC5247332985E /* [CP] Check Pods Manifest.lock */ = {
			isa = PBXShellScriptBuildPhase;
			buildActionMask = 2147483647;
			files = (
			);
			inputPaths = (
				"${PODS_PODFILE_DIR_PATH}/Podfile.lock",
				"${PODS_ROOT}/Manifest.lock",
			);
			name = "[CP] Check Pods Manifest.lock";
			outputPaths = (
				"$(DERIVED_FILE_DIR)/Pods-TheMovieDatabaseTests-checkManifestLockResult.txt",
			);
			runOnlyForDeploymentPostprocessing = 0;
			shellPath = /bin/sh;
			shellScript = "diff \"${PODS_PODFILE_DIR_PATH}/Podfile.lock\" \"${PODS_ROOT}/Manifest.lock\" > /dev/null\nif [ $? != 0 ] ; then\n    # print error to STDERR\n    echo \"error: The sandbox is not in sync with the Podfile.lock. Run 'pod install' or update your CocoaPods installation.\" >&2\n    exit 1\nfi\n# This output is used by Xcode 'outputs' to avoid re-running this script phase.\necho \"SUCCESS\" > \"${SCRIPT_OUTPUT_FILE_0}\"\n";
			showEnvVarsInLog = 0;
		};
		800EEDC4E32962F01732F2C3 /* [CP] Check Pods Manifest.lock */ = {
			isa = PBXShellScriptBuildPhase;
			buildActionMask = 2147483647;
			files = (
			);
			inputPaths = (
				"${PODS_PODFILE_DIR_PATH}/Podfile.lock",
				"${PODS_ROOT}/Manifest.lock",
			);
			name = "[CP] Check Pods Manifest.lock";
			outputPaths = (
				"$(DERIVED_FILE_DIR)/Pods-TheMovieDatabase-checkManifestLockResult.txt",
			);
			runOnlyForDeploymentPostprocessing = 0;
			shellPath = /bin/sh;
			shellScript = "diff \"${PODS_PODFILE_DIR_PATH}/Podfile.lock\" \"${PODS_ROOT}/Manifest.lock\" > /dev/null\nif [ $? != 0 ] ; then\n    # print error to STDERR\n    echo \"error: The sandbox is not in sync with the Podfile.lock. Run 'pod install' or update your CocoaPods installation.\" >&2\n    exit 1\nfi\n# This output is used by Xcode 'outputs' to avoid re-running this script phase.\necho \"SUCCESS\" > \"${SCRIPT_OUTPUT_FILE_0}\"\n";
			showEnvVarsInLog = 0;
		};
		B8E2C07B2670B679ABE9235E /* [CP] Check Pods Manifest.lock */ = {
			isa = PBXShellScriptBuildPhase;
			buildActionMask = 2147483647;
			files = (
			);
			inputPaths = (
				"${PODS_PODFILE_DIR_PATH}/Podfile.lock",
				"${PODS_ROOT}/Manifest.lock",
			);
			name = "[CP] Check Pods Manifest.lock";
			outputPaths = (
				"$(DERIVED_FILE_DIR)/Pods-TheMovieDatabaseUITests-checkManifestLockResult.txt",
			);
			runOnlyForDeploymentPostprocessing = 0;
			shellPath = /bin/sh;
			shellScript = "diff \"${PODS_PODFILE_DIR_PATH}/Podfile.lock\" \"${PODS_ROOT}/Manifest.lock\" > /dev/null\nif [ $? != 0 ] ; then\n    # print error to STDERR\n    echo \"error: The sandbox is not in sync with the Podfile.lock. Run 'pod install' or update your CocoaPods installation.\" >&2\n    exit 1\nfi\n# This output is used by Xcode 'outputs' to avoid re-running this script phase.\necho \"SUCCESS\" > \"${SCRIPT_OUTPUT_FILE_0}\"\n";
			showEnvVarsInLog = 0;
		};
		D59515494CF38346D0866370 /* [CP] Embed Pods Frameworks */ = {
			isa = PBXShellScriptBuildPhase;
			buildActionMask = 2147483647;
			files = (
			);
			inputPaths = (
				"${SRCROOT}/Pods/Target Support Files/Pods-TheMovieDatabase/Pods-TheMovieDatabase-frameworks.sh",
				"${BUILT_PRODUCTS_DIR}/Alamofire/Alamofire.framework",
				"${BUILT_PRODUCTS_DIR}/AlamofireImage/AlamofireImage.framework",
				"${BUILT_PRODUCTS_DIR}/PXStickyHeaderCollectionView/PXStickyHeaderCollectionView.framework",
				"${BUILT_PRODUCTS_DIR}/PureLayout/PureLayout.framework",
			);
			name = "[CP] Embed Pods Frameworks";
			outputPaths = (
				"${TARGET_BUILD_DIR}/${FRAMEWORKS_FOLDER_PATH}/Alamofire.framework",
				"${TARGET_BUILD_DIR}/${FRAMEWORKS_FOLDER_PATH}/AlamofireImage.framework",
				"${TARGET_BUILD_DIR}/${FRAMEWORKS_FOLDER_PATH}/PXStickyHeaderCollectionView.framework",
				"${TARGET_BUILD_DIR}/${FRAMEWORKS_FOLDER_PATH}/PureLayout.framework",
			);
			runOnlyForDeploymentPostprocessing = 0;
			shellPath = /bin/sh;
			shellScript = "\"${SRCROOT}/Pods/Target Support Files/Pods-TheMovieDatabase/Pods-TheMovieDatabase-frameworks.sh\"\n";
			showEnvVarsInLog = 0;
		};
/* End PBXShellScriptBuildPhase section */

/* Begin PBXSourcesBuildPhase section */
		9C978869220E4D3D0091306C /* Sources */ = {
			isa = PBXSourcesBuildPhase;
			buildActionMask = 2147483647;
			files = (
				9CFCA7092211404100DC64DD /* MovieModel.swift in Sources */,
				9CFCA71622115CDB00DC64DD /* UIColor.swift in Sources */,
				9CFCA7072211360800DC64DD /* DateFormatter.swift in Sources */,
				9CFCA718221164D400DC64DD /* UIImageView.swift in Sources */,
				9CFCA71022114CF700DC64DD /* String.swift in Sources */,
				9C9788A3220E6C390091306C /* DiscoverService.swift in Sources */,
				9C978873220E4D3D0091306C /* MainViewController.swift in Sources */,
				9CFCA70B221143E400DC64DD /* MovieData.swift in Sources */,
				9CFCA70E2211466F00DC64DD /* ConfigManager.swift in Sources */,
				9CFCA6FE2211001600DC64DD /* ServiceManager.swift in Sources */,
				9CFCA713221153B100DC64DD /* MovieCollectionViewCell.swift in Sources */,
				9CFCA70422111D4A00DC64DD /* MovieResult.swift in Sources */,
				9C978871220E4D3D0091306C /* AppDelegate.swift in Sources */,
			);
			runOnlyForDeploymentPostprocessing = 0;
		};
		9C97887D220E4D3F0091306C /* Sources */ = {
			isa = PBXSourcesBuildPhase;
			buildActionMask = 2147483647;
			files = (
				9C978886220E4D3F0091306C /* TheMovieDatabaseTests.swift in Sources */,
			);
			runOnlyForDeploymentPostprocessing = 0;
		};
		9C978888220E4D3F0091306C /* Sources */ = {
			isa = PBXSourcesBuildPhase;
			buildActionMask = 2147483647;
			files = (
				9C978891220E4D3F0091306C /* TheMovieDatabaseUITests.swift in Sources */,
			);
			runOnlyForDeploymentPostprocessing = 0;
		};
/* End PBXSourcesBuildPhase section */

/* Begin PBXTargetDependency section */
		9C978883220E4D3F0091306C /* PBXTargetDependency */ = {
			isa = PBXTargetDependency;
			target = 9C97886C220E4D3D0091306C /* TheMovieDatabase */;
			targetProxy = 9C978882220E4D3F0091306C /* PBXContainerItemProxy */;
		};
		9C97888E220E4D3F0091306C /* PBXTargetDependency */ = {
			isa = PBXTargetDependency;
			target = 9C97886C220E4D3D0091306C /* TheMovieDatabase */;
			targetProxy = 9C97888D220E4D3F0091306C /* PBXContainerItemProxy */;
		};
/* End PBXTargetDependency section */

/* Begin PBXVariantGroup section */
		9C978879220E4D3F0091306C /* LaunchScreen.storyboard */ = {
			isa = PBXVariantGroup;
			children = (
				9C97887A220E4D3F0091306C /* Base */,
			);
			name = LaunchScreen.storyboard;
			sourceTree = "<group>";
		};
/* End PBXVariantGroup section */

/* Begin XCBuildConfiguration section */
		9C978893220E4D3F0091306C /* Debug */ = {
			isa = XCBuildConfiguration;
			buildSettings = {
				ALWAYS_SEARCH_USER_PATHS = NO;
				CLANG_ANALYZER_NONNULL = YES;
				CLANG_ANALYZER_NUMBER_OBJECT_CONVERSION = YES_AGGRESSIVE;
				CLANG_CXX_LANGUAGE_STANDARD = "gnu++14";
				CLANG_CXX_LIBRARY = "libc++";
				CLANG_ENABLE_MODULES = YES;
				CLANG_ENABLE_OBJC_ARC = YES;
				CLANG_ENABLE_OBJC_WEAK = YES;
				CLANG_WARN_BLOCK_CAPTURE_AUTORELEASING = YES;
				CLANG_WARN_BOOL_CONVERSION = YES;
				CLANG_WARN_COMMA = YES;
				CLANG_WARN_CONSTANT_CONVERSION = YES;
				CLANG_WARN_DEPRECATED_OBJC_IMPLEMENTATIONS = YES;
				CLANG_WARN_DIRECT_OBJC_ISA_USAGE = YES_ERROR;
				CLANG_WARN_DOCUMENTATION_COMMENTS = YES;
				CLANG_WARN_EMPTY_BODY = YES;
				CLANG_WARN_ENUM_CONVERSION = YES;
				CLANG_WARN_INFINITE_RECURSION = YES;
				CLANG_WARN_INT_CONVERSION = YES;
				CLANG_WARN_NON_LITERAL_NULL_CONVERSION = YES;
				CLANG_WARN_OBJC_IMPLICIT_RETAIN_SELF = YES;
				CLANG_WARN_OBJC_LITERAL_CONVERSION = YES;
				CLANG_WARN_OBJC_ROOT_CLASS = YES_ERROR;
				CLANG_WARN_RANGE_LOOP_ANALYSIS = YES;
				CLANG_WARN_STRICT_PROTOTYPES = YES;
				CLANG_WARN_SUSPICIOUS_MOVE = YES;
				CLANG_WARN_UNGUARDED_AVAILABILITY = YES_AGGRESSIVE;
				CLANG_WARN_UNREACHABLE_CODE = YES;
				CLANG_WARN__DUPLICATE_METHOD_MATCH = YES;
				CODE_SIGN_IDENTITY = "iPhone Developer";
				COPY_PHASE_STRIP = NO;
				DEBUG_INFORMATION_FORMAT = dwarf;
				ENABLE_STRICT_OBJC_MSGSEND = YES;
				ENABLE_TESTABILITY = YES;
				GCC_C_LANGUAGE_STANDARD = gnu11;
				GCC_DYNAMIC_NO_PIC = NO;
				GCC_NO_COMMON_BLOCKS = YES;
				GCC_OPTIMIZATION_LEVEL = 0;
				GCC_PREPROCESSOR_DEFINITIONS = (
					"DEBUG=1",
					"$(inherited)",
				);
				GCC_WARN_64_TO_32_BIT_CONVERSION = YES;
				GCC_WARN_ABOUT_RETURN_TYPE = YES_ERROR;
				GCC_WARN_UNDECLARED_SELECTOR = YES;
				GCC_WARN_UNINITIALIZED_AUTOS = YES_AGGRESSIVE;
				GCC_WARN_UNUSED_FUNCTION = YES;
				GCC_WARN_UNUSED_VARIABLE = YES;
				IPHONEOS_DEPLOYMENT_TARGET = 10.0;
				MTL_ENABLE_DEBUG_INFO = INCLUDE_SOURCE;
				MTL_FAST_MATH = YES;
				ONLY_ACTIVE_ARCH = YES;
				SDKROOT = iphoneos;
				SWIFT_ACTIVE_COMPILATION_CONDITIONS = DEBUG;
				SWIFT_OPTIMIZATION_LEVEL = "-Onone";
			};
			name = Debug;
		};
		9C978894220E4D3F0091306C /* Release */ = {
			isa = XCBuildConfiguration;
			buildSettings = {
				ALWAYS_SEARCH_USER_PATHS = NO;
				CLANG_ANALYZER_NONNULL = YES;
				CLANG_ANALYZER_NUMBER_OBJECT_CONVERSION = YES_AGGRESSIVE;
				CLANG_CXX_LANGUAGE_STANDARD = "gnu++14";
				CLANG_CXX_LIBRARY = "libc++";
				CLANG_ENABLE_MODULES = YES;
				CLANG_ENABLE_OBJC_ARC = YES;
				CLANG_ENABLE_OBJC_WEAK = YES;
				CLANG_WARN_BLOCK_CAPTURE_AUTORELEASING = YES;
				CLANG_WARN_BOOL_CONVERSION = YES;
				CLANG_WARN_COMMA = YES;
				CLANG_WARN_CONSTANT_CONVERSION = YES;
				CLANG_WARN_DEPRECATED_OBJC_IMPLEMENTATIONS = YES;
				CLANG_WARN_DIRECT_OBJC_ISA_USAGE = YES_ERROR;
				CLANG_WARN_DOCUMENTATION_COMMENTS = YES;
				CLANG_WARN_EMPTY_BODY = YES;
				CLANG_WARN_ENUM_CONVERSION = YES;
				CLANG_WARN_INFINITE_RECURSION = YES;
				CLANG_WARN_INT_CONVERSION = YES;
				CLANG_WARN_NON_LITERAL_NULL_CONVERSION = YES;
				CLANG_WARN_OBJC_IMPLICIT_RETAIN_SELF = YES;
				CLANG_WARN_OBJC_LITERAL_CONVERSION = YES;
				CLANG_WARN_OBJC_ROOT_CLASS = YES_ERROR;
				CLANG_WARN_RANGE_LOOP_ANALYSIS = YES;
				CLANG_WARN_STRICT_PROTOTYPES = YES;
				CLANG_WARN_SUSPICIOUS_MOVE = YES;
				CLANG_WARN_UNGUARDED_AVAILABILITY = YES_AGGRESSIVE;
				CLANG_WARN_UNREACHABLE_CODE = YES;
				CLANG_WARN__DUPLICATE_METHOD_MATCH = YES;
				CODE_SIGN_IDENTITY = "iPhone Developer";
				COPY_PHASE_STRIP = NO;
				DEBUG_INFORMATION_FORMAT = "dwarf-with-dsym";
				ENABLE_NS_ASSERTIONS = NO;
				ENABLE_STRICT_OBJC_MSGSEND = YES;
				GCC_C_LANGUAGE_STANDARD = gnu11;
				GCC_NO_COMMON_BLOCKS = YES;
				GCC_WARN_64_TO_32_BIT_CONVERSION = YES;
				GCC_WARN_ABOUT_RETURN_TYPE = YES_ERROR;
				GCC_WARN_UNDECLARED_SELECTOR = YES;
				GCC_WARN_UNINITIALIZED_AUTOS = YES_AGGRESSIVE;
				GCC_WARN_UNUSED_FUNCTION = YES;
				GCC_WARN_UNUSED_VARIABLE = YES;
				IPHONEOS_DEPLOYMENT_TARGET = 10.0;
				MTL_ENABLE_DEBUG_INFO = NO;
				MTL_FAST_MATH = YES;
				SDKROOT = iphoneos;
				SWIFT_COMPILATION_MODE = wholemodule;
				SWIFT_OPTIMIZATION_LEVEL = "-O";
				VALIDATE_PRODUCT = YES;
			};
			name = Release;
		};
		9C978896220E4D3F0091306C /* Debug */ = {
			isa = XCBuildConfiguration;
			baseConfigurationReference = 33802525826A6DD0AB026512 /* Pods-TheMovieDatabase.debug.xcconfig */;
			buildSettings = {
				ASSETCATALOG_COMPILER_APPICON_NAME = AppIcon;
				CODE_SIGN_STYLE = Automatic;
				DEVELOPMENT_TEAM = US3X4PNDQR;
				INFOPLIST_FILE = TheMovieDatabase/Info.plist;
				IPHONEOS_DEPLOYMENT_TARGET = 10.0;
				LD_RUNPATH_SEARCH_PATHS = (
					"$(inherited)",
					"@executable_path/Frameworks",
				);
				PRODUCT_BUNDLE_IDENTIFIER = Test.TheMovieDatabase3;
				PRODUCT_NAME = "$(TARGET_NAME)";
				SWIFT_VERSION = 4.2;
				TARGETED_DEVICE_FAMILY = "1,2";
			};
			name = Debug;
		};
		9C978897220E4D3F0091306C /* Release */ = {
			isa = XCBuildConfiguration;
			baseConfigurationReference = 9DC0494C8F443C8C771EFD00 /* Pods-TheMovieDatabase.release.xcconfig */;
			buildSettings = {
				ASSETCATALOG_COMPILER_APPICON_NAME = AppIcon;
				CODE_SIGN_STYLE = Automatic;
				DEVELOPMENT_TEAM = US3X4PNDQR;
				INFOPLIST_FILE = TheMovieDatabase/Info.plist;
				IPHONEOS_DEPLOYMENT_TARGET = 10.0;
				LD_RUNPATH_SEARCH_PATHS = (
					"$(inherited)",
					"@executable_path/Frameworks",
				);
				PRODUCT_BUNDLE_IDENTIFIER = Test.TheMovieDatabase3;
				PRODUCT_NAME = "$(TARGET_NAME)";
				SWIFT_VERSION = 4.2;
				TARGETED_DEVICE_FAMILY = "1,2";
			};
			name = Release;
		};
		9C978899220E4D3F0091306C /* Debug */ = {
			isa = XCBuildConfiguration;
			baseConfigurationReference = 32634E6957A4348B2CD756E5 /* Pods-TheMovieDatabaseTests.debug.xcconfig */;
			buildSettings = {
				ALWAYS_EMBED_SWIFT_STANDARD_LIBRARIES = YES;
				BUNDLE_LOADER = "$(TEST_HOST)";
				CODE_SIGN_STYLE = Automatic;
				DEVELOPMENT_TEAM = US3X4PNDQR;
				INFOPLIST_FILE = TheMovieDatabaseTests/Info.plist;
				LD_RUNPATH_SEARCH_PATHS = (
					"$(inherited)",
					"@executable_path/Frameworks",
					"@loader_path/Frameworks",
				);
				PRODUCT_BUNDLE_IDENTIFIER = Test.TheMovieDatabaseTests;
				PRODUCT_NAME = "$(TARGET_NAME)";
				SWIFT_VERSION = 4.2;
				TARGETED_DEVICE_FAMILY = "1,2";
				TEST_HOST = "$(BUILT_PRODUCTS_DIR)/TheMovieDatabase.app/TheMovieDatabase";
			};
			name = Debug;
		};
		9C97889A220E4D3F0091306C /* Release */ = {
			isa = XCBuildConfiguration;
			baseConfigurationReference = 688A449738C2332814768C10 /* Pods-TheMovieDatabaseTests.release.xcconfig */;
			buildSettings = {
				ALWAYS_EMBED_SWIFT_STANDARD_LIBRARIES = YES;
				BUNDLE_LOADER = "$(TEST_HOST)";
				CODE_SIGN_STYLE = Automatic;
				DEVELOPMENT_TEAM = US3X4PNDQR;
				INFOPLIST_FILE = TheMovieDatabaseTests/Info.plist;
				LD_RUNPATH_SEARCH_PATHS = (
					"$(inherited)",
					"@executable_path/Frameworks",
					"@loader_path/Frameworks",
				);
				PRODUCT_BUNDLE_IDENTIFIER = Test.TheMovieDatabaseTests;
				PRODUCT_NAME = "$(TARGET_NAME)";
				SWIFT_VERSION = 4.2;
				TARGETED_DEVICE_FAMILY = "1,2";
				TEST_HOST = "$(BUILT_PRODUCTS_DIR)/TheMovieDatabase.app/TheMovieDatabase";
			};
			name = Release;
		};
		9C97889C220E4D3F0091306C /* Debug */ = {
			isa = XCBuildConfiguration;
			baseConfigurationReference = D1443A8C0B33C006E572E0BC /* Pods-TheMovieDatabaseUITests.debug.xcconfig */;
			buildSettings = {
				ALWAYS_EMBED_SWIFT_STANDARD_LIBRARIES = YES;
				CODE_SIGN_STYLE = Automatic;
				DEVELOPMENT_TEAM = US3X4PNDQR;
				INFOPLIST_FILE = TheMovieDatabaseUITests/Info.plist;
				LD_RUNPATH_SEARCH_PATHS = (
					"$(inherited)",
					"@executable_path/Frameworks",
					"@loader_path/Frameworks",
				);
				PRODUCT_BUNDLE_IDENTIFIER = Test.TheMovieDatabaseUITests;
				PRODUCT_NAME = "$(TARGET_NAME)";
				SWIFT_VERSION = 4.2;
				TARGETED_DEVICE_FAMILY = "1,2";
				TEST_TARGET_NAME = TheMovieDatabase;
			};
			name = Debug;
		};
		9C97889D220E4D3F0091306C /* Release */ = {
			isa = XCBuildConfiguration;
			baseConfigurationReference = 13E186D26F7EE319C55A1C0C /* Pods-TheMovieDatabaseUITests.release.xcconfig */;
			buildSettings = {
				ALWAYS_EMBED_SWIFT_STANDARD_LIBRARIES = YES;
				CODE_SIGN_STYLE = Automatic;
				DEVELOPMENT_TEAM = US3X4PNDQR;
				INFOPLIST_FILE = TheMovieDatabaseUITests/Info.plist;
				LD_RUNPATH_SEARCH_PATHS = (
					"$(inherited)",
					"@executable_path/Frameworks",
					"@loader_path/Frameworks",
				);
				PRODUCT_BUNDLE_IDENTIFIER = Test.TheMovieDatabaseUITests;
				PRODUCT_NAME = "$(TARGET_NAME)";
				SWIFT_VERSION = 4.2;
				TARGETED_DEVICE_FAMILY = "1,2";
				TEST_TARGET_NAME = TheMovieDatabase;
			};
			name = Release;
		};
/* End XCBuildConfiguration section */

/* Begin XCConfigurationList section */
		9C978868220E4D3D0091306C /* Build configuration list for PBXProject "TheMovieDatabase" */ = {
			isa = XCConfigurationList;
			buildConfigurations = (
				9C978893220E4D3F0091306C /* Debug */,
				9C978894220E4D3F0091306C /* Release */,
			);
			defaultConfigurationIsVisible = 0;
			defaultConfigurationName = Release;
		};
		9C978895220E4D3F0091306C /* Build configuration list for PBXNativeTarget "TheMovieDatabase" */ = {
			isa = XCConfigurationList;
			buildConfigurations = (
				9C978896220E4D3F0091306C /* Debug */,
				9C978897220E4D3F0091306C /* Release */,
			);
			defaultConfigurationIsVisible = 0;
			defaultConfigurationName = Release;
		};
		9C978898220E4D3F0091306C /* Build configuration list for PBXNativeTarget "TheMovieDatabaseTests" */ = {
			isa = XCConfigurationList;
			buildConfigurations = (
				9C978899220E4D3F0091306C /* Debug */,
				9C97889A220E4D3F0091306C /* Release */,
			);
			defaultConfigurationIsVisible = 0;
			defaultConfigurationName = Release;
		};
		9C97889B220E4D3F0091306C /* Build configuration list for PBXNativeTarget "TheMovieDatabaseUITests" */ = {
			isa = XCConfigurationList;
			buildConfigurations = (
				9C97889C220E4D3F0091306C /* Debug */,
				9C97889D220E4D3F0091306C /* Release */,
			);
			defaultConfigurationIsVisible = 0;
			defaultConfigurationName = Release;
		};
/* End XCConfigurationList section */
	};
	rootObject = 9C978865220E4D3D0091306C /* Project object */;
}
